{
  "lockfileVersion": 1,
  "workspaces": {
    "": {
      "name": "typecomp",
      "dependencies": {
        "@wca/helpers": "^1.1.6",
        "javascript-lp-solver": "^0.4.24",
        "linear-program-parser": "^1.0.11",
        "luxon": "^3.7.2",
        "openid-client": "^6.8.1",
        "typescript": "^5.9.3",
      },
      "devDependencies": {
        "@biomejs/biome": "^2.3.10",
        "@types/bun": "^1.3.5",
        "@types/luxon": "^3.7.1",
        "@types/node": "^25.0.7",
      },
    },
  },
  "packages": {
    "@biomejs/biome": ["@biomejs/biome@2.3.10", "", { "optionalDependencies": { "@biomejs/cli-darwin-arm64": "2.3.10", "@biomejs/cli-darwin-x64": "2.3.10", "@biomejs/cli-linux-arm64": "2.3.10", "@biomejs/cli-linux-arm64-musl": "2.3.10", "@biomejs/cli-linux-x64": "2.3.10", "@biomejs/cli-linux-x64-musl": "2.3.10", "@biomejs/cli-win32-arm64": "2.3.10", "@biomejs/cli-win32-x64": "2.3.10" }, "bin": { "biome": "bin/biome" } }, "sha512-/uWSUd1MHX2fjqNLHNL6zLYWBbrJeG412/8H7ESuK8ewoRoMPUgHDebqKrPTx/5n6f17Xzqc9hdg3MEqA5hXnQ=="],

    "@biomejs/cli-darwin-arm64": ["@biomejs/cli-darwin-arm64@2.3.10", "", { "os": "darwin", "cpu": "arm64" }, "sha512-M6xUjtCVnNGFfK7HMNKa593nb7fwNm43fq1Mt71kpLpb+4mE7odO8W/oWVDyBVO4ackhresy1ZYO7OJcVo/B7w=="],

    "@biomejs/cli-darwin-x64": ["@biomejs/cli-darwin-x64@2.3.10", "", { "os": "darwin", "cpu": "x64" }, "sha512-Vae7+V6t/Avr8tVbFNjnFSTKZogZHFYl7MMH62P/J1kZtr0tyRQ9Fe0onjqjS2Ek9lmNLmZc/VR5uSekh+p1fg=="],

    "@biomejs/cli-linux-arm64": ["@biomejs/cli-linux-arm64@2.3.10", "", { "os": "linux", "cpu": "arm64" }, "sha512-hhPw2V3/EpHKsileVOFynuWiKRgFEV48cLe0eA+G2wO4SzlwEhLEB9LhlSrVeu2mtSn205W283LkX7Fh48CaxA=="],

    "@biomejs/cli-linux-arm64-musl": ["@biomejs/cli-linux-arm64-musl@2.3.10", "", { "os": "linux", "cpu": "arm64" }, "sha512-B9DszIHkuKtOH2IFeeVkQmSMVUjss9KtHaNXquYYWCjH8IstNgXgx5B0aSBQNr6mn4RcKKRQZXn9Zu1rM3O0/A=="],

    "@biomejs/cli-linux-x64": ["@biomejs/cli-linux-x64@2.3.10", "", { "os": "linux", "cpu": "x64" }, "sha512-wwAkWD1MR95u+J4LkWP74/vGz+tRrIQvr8kfMMJY8KOQ8+HMVleREOcPYsQX82S7uueco60L58Wc6M1I9WA9Dw=="],

    "@biomejs/cli-linux-x64-musl": ["@biomejs/cli-linux-x64-musl@2.3.10", "", { "os": "linux", "cpu": "x64" }, "sha512-QTfHZQh62SDFdYc2nfmZFuTm5yYb4eO1zwfB+90YxUumRCR171tS1GoTX5OD0wrv4UsziMPmrePMtkTnNyYG3g=="],

    "@biomejs/cli-win32-arm64": ["@biomejs/cli-win32-arm64@2.3.10", "", { "os": "win32", "cpu": "arm64" }, "sha512-o7lYc9n+CfRbHvkjPhm8s9FgbKdYZu5HCcGVMItLjz93EhgJ8AM44W+QckDqLA9MKDNFrR8nPbO4b73VC5kGGQ=="],

    "@biomejs/cli-win32-x64": ["@biomejs/cli-win32-x64@2.3.10", "", { "os": "win32", "cpu": "x64" }, "sha512-pHEFgq7dUEsKnqG9mx9bXihxGI49X+ar+UBrEIj3Wqj3UCZp1rNgV+OoyjFgcXsjCWpuEAF4VJdkZr3TrWdCbQ=="],

    "@types/bun": ["@types/bun@1.3.5", "", { "dependencies": { "bun-types": "1.3.5" } }, "sha512-RnygCqNrd3srIPEWBd5LFeUYG7plCoH2Yw9WaZGyNmdTEei+gWaHqydbaIRkIkcbXwhBT94q78QljxN0Sk838w=="],

    "@types/luxon": ["@types/luxon@3.7.1", "", {}, "sha512-H3iskjFIAn5SlJU7OuxUmTEpebK6TKB8rxZShDslBMZJ5u9S//KM1sbdAisiSrqwLQncVjnpi2OK2J51h+4lsg=="],

    "@types/node": ["@types/node@25.0.7", "", { "dependencies": { "undici-types": "~7.16.0" } }, "sha512-C/er7DlIZgRJO7WtTdYovjIFzGsz0I95UlMyR9anTb4aCpBSRWe5Jc1/RvLKUfzmOxHPGjSE5+63HgLtndxU4w=="],

    "@types/pegjs": ["@types/pegjs@0.10.6", "", {}, "sha512-eLYXDbZWXh2uxf+w8sXS8d6KSoXTswfps6fvCUuVAGN8eRpfe7h9eSRydxiSJvo9Bf+GzifsDOr9TMQlmJdmkw=="],

    "@wca/helpers": ["@wca/helpers@1.1.6", "", {}, "sha512-Y5zsRpQ6Bt/aOuqm1dbkb1awYmR3D5hrHHLXYmWLiJzfb8wo4fxyKLIEnK4LrfjWpO+rmictG99cWORhaby5Lg=="],

    "bun-types": ["bun-types@1.3.5", "", { "dependencies": { "@types/node": "*" } }, "sha512-inmAYe2PFLs0SUbFOWSVD24sg1jFlMPxOjOSSCYqUgn4Hsc3rDc7dFvfVYjFPNHtov6kgUeulV4SxbuIV/stPw=="],

    "javascript-lp-solver": ["javascript-lp-solver@0.4.24", "", {}, "sha512-5edoDKnMrt/u3M6GnZKDDIPxOyFOg+WrwDv8mjNiMC2DePhy2H9/FFQgf4ggywaXT1utvkxusJcjQUER72cZmA=="],

    "jose": ["jose@6.1.3", "", {}, "sha512-0TpaTfihd4QMNwrz/ob2Bp7X04yuxJkjRGi4aKmOqwhov54i6u79oCv7T+C7lo70MKH6BesI3vscD1yb/yzKXQ=="],

    "linear-program-parser": ["linear-program-parser@1.0.11", "", { "dependencies": { "@types/pegjs": "^0.10.1", "pegjs": "^0.10.0" } }, "sha512-w85MQUO5wBih/T8JTAZck8ZsJfu4w2Y83snyzlnkMZiqvdVJOkxq5VxxQ13Iu4OUvRD+J0+fb3g5wviWkSyIKg=="],

    "luxon": ["luxon@3.7.2", "", {}, "sha512-vtEhXh/gNjI9Yg1u4jX/0YVPMvxzHuGgCm6tC5kZyb08yjGWGnqAjGJvcXbqQR2P3MyMEFnRbpcdFS6PBcLqew=="],

    "oauth4webapi": ["oauth4webapi@3.8.3", "", {}, "sha512-pQ5BsX3QRTgnt5HxgHwgunIRaDXBdkT23tf8dfzmtTIL2LTpdmxgbpbBm0VgFWAIDlezQvQCTgnVIUmHupXHxw=="],

    "openid-client": ["openid-client@6.8.1", "", { "dependencies": { "jose": "^6.1.0", "oauth4webapi": "^3.8.2" } }, "sha512-VoYT6enBo6Vj2j3Q5Ec0AezS+9YGzQo1f5Xc42lreMGlfP4ljiXPKVDvCADh+XHCV/bqPu/wWSiCVXbJKvrODw=="],

    "pegjs": ["pegjs@0.10.0", "", { "bin": { "pegjs": "bin/pegjs" } }, "sha512-qI5+oFNEGi3L5HAxDwN2LA4Gg7irF70Zs25edhjld9QemOgp0CbvMtbFcMvFtEo1OityPrcCzkQFB8JP/hxgow=="],

    "typescript": ["typescript@5.9.3", "", { "bin": { "tsc": "bin/tsc", "tsserver": "bin/tsserver" } }, "sha512-jl1vZzPDinLr9eUt3J/t7V6FgNEw9QjvBPdysz9KfQDD41fQrC2Y4vKQdiaUpFT4bXlb1RHhLpp8wtm6M5TgSw=="],

    "undici-types": ["undici-types@7.16.0", "", {}, "sha512-Zz+aZWSj8LE6zoxD+xrjh4VfkIG8Ya6LvYkZqtUQGJPZjYl53ypCaUwWqo7eI0x66KBGeRo+mlBEkMSeSZ38Nw=="],

    "bun-types/@types/node": ["@types/node@25.0.3", "", { "dependencies": { "undici-types": "~7.16.0" } }, "sha512-W609buLVRVmeW693xKfzHeIV6nJGGz98uCPfeXI1ELMLXVeKYZ9m15fAMSaUPBHYLGFsVRcMmSCksQOrZV9BYA=="],
  }
}
